
Microsoft Visual Studio Solution File, Format Version 12.00
# Visual Studio Version 17
VisualStudioVersion = 17.13.35931.197
MinimumVisualStudioVersion = 10.0.40219.1
Project("{FAE04EC0-301F-11D3-BF4B-00C04F79EFBC}") = "SCE", "SCE\SCE.csproj", "{E1F7BA65-3242-4C86-A99C-388992D125AA}"
EndProject
Global
	GlobalSection(SolutionConfigurationPlatforms) = preSolution
		Debug|x64 = Debug|x64
		Release|x64 = Release|x64
	EndGlobalSection
	GlobalSection(ProjectConfigurationPlatforms) = postSolution
		{E1F7BA65-3242-4C86-A99C-388992D125AA}.Debug|x64.ActiveCfg = Debug|x64
		{E1F7BA65-3242-4C86-A99C-388992D125AA}.Debug|x64.Build.0 = Debug|x64
		{E1F7BA65-3242-4C86-A99C-388992D125AA}.Release|x64.ActiveCfg = Release|x64
		{E1F7BA65-3242-4C86-A99C-388992D125AA}.Release|x64.Build.0 = Release|x64
	EndGlobalSection
	GlobalSection(SolutionProperties) = preSolution
		HideSolutionNode = FALSE
	EndGlobalSection
	GlobalSection(ExtensibilityGlobals) = postSolution
		SolutionGuid = {0D946095-6AFA-4FD4-B788-D7B5E91E3356}
	EndGlobalSection
EndGlobal
